
Microsoft Visual Studio Solution File, Format Version 9.00
# Visual Studio 2005
Project("{8BC9CEB8-8B4A-11D0-8D11-00A0C91BC942}") = "Axe", "src\Axe\Axe.vcproj", "{188ABE90-731A-48D5-9D39-8015CEBA83A8}"
	ProjectSection(ProjectDependencies) = postProject
		{BD75F40C-6D5A-4871-8D71-37CD74D7F98C} = {BD75F40C-6D5A-4871-8D71-37CD74D7F98C}
		{0815A219-E9A5-4E3A-9A1B-6CD74B3CBC49} = {0815A219-E9A5-4E3A-9A1B-6CD74B3CBC49}
	EndProjectSection
EndProject
Project("{8BC9CEB8-8B4A-11D0-8D11-00A0C91BC942}") = "SLAxe", "src\SLAxe\SLAxe.vcproj", "{9437B694-8F58-4C01-9F57-E8B943A4EBC8}"
EndProject
Project("{8BC9CEB8-8B4A-11D0-8D11-00A0C91BC942}") = "Maker", "src\Maker\Maker.vcproj", "{3CCDB5FD-EA7F-450E-855D-54AB3FC7B054}"
	ProjectSection(ProjectDependencies) = postProject
		{9437B694-8F58-4C01-9F57-E8B943A4EBC8} = {9437B694-8F58-4C01-9F57-E8B943A4EBC8}
	EndProjectSection
EndProject
Project("{8BC9CEB8-8B4A-11D0-8D11-00A0C91BC942}") = "AxeProtocols", "src\AxeProtocols\AxeProtocols.vcproj", "{0815A219-E9A5-4E3A-9A1B-6CD74B3CBC49}"
EndProject
Project("{2150E333-8FDC-42A3-9474-1A3956D46DE8}") = "Examples", "Examples", "{34AE27EB-E6A6-4331-8B23-36B645D0B074}"
EndProject
Project("{8BC9CEB8-8B4A-11D0-8D11-00A0C91BC942}") = "client", "src\Example\client\client.vcproj", "{674ADA3B-D18C-4085-BBB3-AA6AFEECFCD5}"
	ProjectSection(ProjectDependencies) = postProject
		{0815A219-E9A5-4E3A-9A1B-6CD74B3CBC49} = {0815A219-E9A5-4E3A-9A1B-6CD74B3CBC49}
		{188ABE90-731A-48D5-9D39-8015CEBA83A8} = {188ABE90-731A-48D5-9D39-8015CEBA83A8}
	EndProjectSection
EndProject
Project("{8BC9CEB8-8B4A-11D0-8D11-00A0C91BC942}") = "grid", "src\Example\grid\grid.vcproj", "{2EEF5AB1-87A8-4852-A2E4-D4B31A3FBF4E}"
	ProjectSection(ProjectDependencies) = postProject
		{11170F66-5A65-4EB7-B22F-4ADC2F4D7738} = {11170F66-5A65-4EB7-B22F-4ADC2F4D7738}
		{188ABE90-731A-48D5-9D39-8015CEBA83A8} = {188ABE90-731A-48D5-9D39-8015CEBA83A8}
	EndProjectSection
EndProject
Project("{8BC9CEB8-8B4A-11D0-8D11-00A0C91BC942}") = "router", "src\Example\router\router.vcproj", "{82D1BDA2-8C54-401A-AF95-60A4FA99FDC9}"
	ProjectSection(ProjectDependencies) = postProject
		{188ABE90-731A-48D5-9D39-8015CEBA83A8} = {188ABE90-731A-48D5-9D39-8015CEBA83A8}
	EndProjectSection
EndProject
Project("{8BC9CEB8-8B4A-11D0-8D11-00A0C91BC942}") = "server", "src\Example\server\server.vcproj", "{41916002-DFC8-4AF4-BA10-782A173B9653}"
	ProjectSection(ProjectDependencies) = postProject
		{188ABE90-731A-48D5-9D39-8015CEBA83A8} = {188ABE90-731A-48D5-9D39-8015CEBA83A8}
	EndProjectSection
EndProject
Project("{8BC9CEB8-8B4A-11D0-8D11-00A0C91BC942}") = "AxeUtil", "src\AxeUtil\AxeUtil.vcproj", "{BD75F40C-6D5A-4871-8D71-37CD74D7F98C}"
EndProject
Project("{2150E333-8FDC-42A3-9474-1A3956D46DE8}") = "AxeLib", "AxeLib", "{11877783-7DDA-41B7-8402-9E60DEF7EACD}"
EndProject
Project("{8BC9CEB8-8B4A-11D0-8D11-00A0C91BC942}") = "GridManager", "src\AxeLib\GridManager\GridManager.vcproj", "{11170F66-5A65-4EB7-B22F-4ADC2F4D7738}"
	ProjectSection(ProjectDependencies) = postProject
		{188ABE90-731A-48D5-9D39-8015CEBA83A8} = {188ABE90-731A-48D5-9D39-8015CEBA83A8}
	EndProjectSection
EndProject
Project("{8BC9CEB8-8B4A-11D0-8D11-00A0C91BC942}") = "EvictorManager", "src\AxeLib\EvictorManager\EvictorManager.vcproj", "{9BC4904D-EC11-4FC5-9D25-9C1950637CC1}"
	ProjectSection(ProjectDependencies) = postProject
		{188ABE90-731A-48D5-9D39-8015CEBA83A8} = {188ABE90-731A-48D5-9D39-8015CEBA83A8}
	EndProjectSection
EndProject
Project("{8BC9CEB8-8B4A-11D0-8D11-00A0C91BC942}") = "AOISystem", "src\AxeLib\AOISystem\AOISystem.vcproj", "{C3DA02B9-C88D-4EFB-8FEC-F5F5BF7CEE5F}"
EndProject
Project("{8BC9CEB8-8B4A-11D0-8D11-00A0C91BC942}") = "PathFinderSystem", "src\AxeLib\PathFinderSystem\PathFinderSystem.vcproj", "{2F069F12-8004-4152-A759-6A21B918EB2C}"
EndProject
Project("{8BC9CEB8-8B4A-11D0-8D11-00A0C91BC942}") = "ClusterManager", "src\AxeLib\ClusterManager\ClusterManager.vcproj", "{7EB46B2F-FC1D-41D9-A00D-4C6F3C2CCA07}"
EndProject
Project("{8BC9CEB8-8B4A-11D0-8D11-00A0C91BC942}") = "evictor", "src\Example\evictor\evictor.vcproj", "{034C5185-516D-4283-B024-50EB4A8F2FB0}"
	ProjectSection(ProjectDependencies) = postProject
		{9BC4904D-EC11-4FC5-9D25-9C1950637CC1} = {9BC4904D-EC11-4FC5-9D25-9C1950637CC1}
		{188ABE90-731A-48D5-9D39-8015CEBA83A8} = {188ABE90-731A-48D5-9D39-8015CEBA83A8}
	EndProjectSection
EndProject
Global
	GlobalSection(DPCodeReviewSolutionGUID) = preSolution
		DPCodeReviewSolutionGUID = {00000000-0000-0000-0000-000000000000}
	EndGlobalSection
	GlobalSection(SolutionConfigurationPlatforms) = preSolution
		Debug|Win32 = Debug|Win32
		Release|Win32 = Release|Win32
	EndGlobalSection
	GlobalSection(ProjectConfigurationPlatforms) = postSolution
		{188ABE90-731A-48D5-9D39-8015CEBA83A8}.Debug|Win32.ActiveCfg = Debug|Win32
		{188ABE90-731A-48D5-9D39-8015CEBA83A8}.Debug|Win32.Build.0 = Debug|Win32
		{188ABE90-731A-48D5-9D39-8015CEBA83A8}.Release|Win32.ActiveCfg = Release|Win32
		{188ABE90-731A-48D5-9D39-8015CEBA83A8}.Release|Win32.Build.0 = Release|Win32
		{9437B694-8F58-4C01-9F57-E8B943A4EBC8}.Debug|Win32.ActiveCfg = Debug|Win32
		{9437B694-8F58-4C01-9F57-E8B943A4EBC8}.Debug|Win32.Build.0 = Debug|Win32
		{9437B694-8F58-4C01-9F57-E8B943A4EBC8}.Release|Win32.ActiveCfg = Release|Win32
		{9437B694-8F58-4C01-9F57-E8B943A4EBC8}.Release|Win32.Build.0 = Release|Win32
		{3CCDB5FD-EA7F-450E-855D-54AB3FC7B054}.Debug|Win32.ActiveCfg = Debug|Win32
		{3CCDB5FD-EA7F-450E-855D-54AB3FC7B054}.Debug|Win32.Build.0 = Debug|Win32
		{3CCDB5FD-EA7F-450E-855D-54AB3FC7B054}.Release|Win32.ActiveCfg = Release|Win32
		{3CCDB5FD-EA7F-450E-855D-54AB3FC7B054}.Release|Win32.Build.0 = Release|Win32
		{0815A219-E9A5-4E3A-9A1B-6CD74B3CBC49}.Debug|Win32.ActiveCfg = Debug|Win32
		{0815A219-E9A5-4E3A-9A1B-6CD74B3CBC49}.Debug|Win32.Build.0 = Debug|Win32
		{0815A219-E9A5-4E3A-9A1B-6CD74B3CBC49}.Release|Win32.ActiveCfg = Release|Win32
		{0815A219-E9A5-4E3A-9A1B-6CD74B3CBC49}.Release|Win32.Build.0 = Release|Win32
		{674ADA3B-D18C-4085-BBB3-AA6AFEECFCD5}.Debug|Win32.ActiveCfg = Debug|Win32
		{674ADA3B-D18C-4085-BBB3-AA6AFEECFCD5}.Debug|Win32.Build.0 = Debug|Win32
		{674ADA3B-D18C-4085-BBB3-AA6AFEECFCD5}.Release|Win32.ActiveCfg = Release|Win32
		{674ADA3B-D18C-4085-BBB3-AA6AFEECFCD5}.Release|Win32.Build.0 = Release|Win32
		{2EEF5AB1-87A8-4852-A2E4-D4B31A3FBF4E}.Debug|Win32.ActiveCfg = Debug|Win32
		{2EEF5AB1-87A8-4852-A2E4-D4B31A3FBF4E}.Debug|Win32.Build.0 = Debug|Win32
		{2EEF5AB1-87A8-4852-A2E4-D4B31A3FBF4E}.Release|Win32.ActiveCfg = Release|Win32
		{2EEF5AB1-87A8-4852-A2E4-D4B31A3FBF4E}.Release|Win32.Build.0 = Release|Win32
		{82D1BDA2-8C54-401A-AF95-60A4FA99FDC9}.Debug|Win32.ActiveCfg = Debug|Win32
		{82D1BDA2-8C54-401A-AF95-60A4FA99FDC9}.Debug|Win32.Build.0 = Debug|Win32
		{82D1BDA2-8C54-401A-AF95-60A4FA99FDC9}.Release|Win32.ActiveCfg = Release|Win32
		{82D1BDA2-8C54-401A-AF95-60A4FA99FDC9}.Release|Win32.Build.0 = Release|Win32
		{41916002-DFC8-4AF4-BA10-782A173B9653}.Debug|Win32.ActiveCfg = Debug|Win32
		{41916002-DFC8-4AF4-BA10-782A173B9653}.Debug|Win32.Build.0 = Debug|Win32
		{41916002-DFC8-4AF4-BA10-782A173B9653}.Release|Win32.ActiveCfg = Release|Win32
		{41916002-DFC8-4AF4-BA10-782A173B9653}.Release|Win32.Build.0 = Release|Win32
		{BD75F40C-6D5A-4871-8D71-37CD74D7F98C}.Debug|Win32.ActiveCfg = Debug|Win32
		{BD75F40C-6D5A-4871-8D71-37CD74D7F98C}.Debug|Win32.Build.0 = Debug|Win32
		{BD75F40C-6D5A-4871-8D71-37CD74D7F98C}.Release|Win32.ActiveCfg = Release|Win32
		{BD75F40C-6D5A-4871-8D71-37CD74D7F98C}.Release|Win32.Build.0 = Release|Win32
		{11170F66-5A65-4EB7-B22F-4ADC2F4D7738}.Debug|Win32.ActiveCfg = Debug|Win32
		{11170F66-5A65-4EB7-B22F-4ADC2F4D7738}.Debug|Win32.Build.0 = Debug|Win32
		{11170F66-5A65-4EB7-B22F-4ADC2F4D7738}.Release|Win32.ActiveCfg = Release|Win32
		{11170F66-5A65-4EB7-B22F-4ADC2F4D7738}.Release|Win32.Build.0 = Release|Win32
		{9BC4904D-EC11-4FC5-9D25-9C1950637CC1}.Debug|Win32.ActiveCfg = Debug|Win32
		{9BC4904D-EC11-4FC5-9D25-9C1950637CC1}.Debug|Win32.Build.0 = Debug|Win32
		{9BC4904D-EC11-4FC5-9D25-9C1950637CC1}.Release|Win32.ActiveCfg = Release|Win32
		{9BC4904D-EC11-4FC5-9D25-9C1950637CC1}.Release|Win32.Build.0 = Release|Win32
		{C3DA02B9-C88D-4EFB-8FEC-F5F5BF7CEE5F}.Debug|Win32.ActiveCfg = Debug|Win32
		{C3DA02B9-C88D-4EFB-8FEC-F5F5BF7CEE5F}.Debug|Win32.Build.0 = Debug|Win32
		{C3DA02B9-C88D-4EFB-8FEC-F5F5BF7CEE5F}.Release|Win32.ActiveCfg = Release|Win32
		{C3DA02B9-C88D-4EFB-8FEC-F5F5BF7CEE5F}.Release|Win32.Build.0 = Release|Win32
		{2F069F12-8004-4152-A759-6A21B918EB2C}.Debug|Win32.ActiveCfg = Debug|Win32
		{2F069F12-8004-4152-A759-6A21B918EB2C}.Debug|Win32.Build.0 = Debug|Win32
		{2F069F12-8004-4152-A759-6A21B918EB2C}.Release|Win32.ActiveCfg = Release|Win32
		{2F069F12-8004-4152-A759-6A21B918EB2C}.Release|Win32.Build.0 = Release|Win32
		{7EB46B2F-FC1D-41D9-A00D-4C6F3C2CCA07}.Debug|Win32.ActiveCfg = Debug|Win32
		{7EB46B2F-FC1D-41D9-A00D-4C6F3C2CCA07}.Debug|Win32.Build.0 = Debug|Win32
		{7EB46B2F-FC1D-41D9-A00D-4C6F3C2CCA07}.Release|Win32.ActiveCfg = Release|Win32
		{7EB46B2F-FC1D-41D9-A00D-4C6F3C2CCA07}.Release|Win32.Build.0 = Release|Win32
		{034C5185-516D-4283-B024-50EB4A8F2FB0}.Debug|Win32.ActiveCfg = Debug|Win32
		{034C5185-516D-4283-B024-50EB4A8F2FB0}.Debug|Win32.Build.0 = Debug|Win32
		{034C5185-516D-4283-B024-50EB4A8F2FB0}.Release|Win32.ActiveCfg = Release|Win32
		{034C5185-516D-4283-B024-50EB4A8F2FB0}.Release|Win32.Build.0 = Release|Win32
	EndGlobalSection
	GlobalSection(SolutionProperties) = preSolution
		HideSolutionNode = FALSE
	EndGlobalSection
	GlobalSection(NestedProjects) = preSolution
		{674ADA3B-D18C-4085-BBB3-AA6AFEECFCD5} = {34AE27EB-E6A6-4331-8B23-36B645D0B074}
		{2EEF5AB1-87A8-4852-A2E4-D4B31A3FBF4E} = {34AE27EB-E6A6-4331-8B23-36B645D0B074}
		{82D1BDA2-8C54-401A-AF95-60A4FA99FDC9} = {34AE27EB-E6A6-4331-8B23-36B645D0B074}
		{41916002-DFC8-4AF4-BA10-782A173B9653} = {34AE27EB-E6A6-4331-8B23-36B645D0B074}
		{034C5185-516D-4283-B024-50EB4A8F2FB0} = {34AE27EB-E6A6-4331-8B23-36B645D0B074}
		{11170F66-5A65-4EB7-B22F-4ADC2F4D7738} = {11877783-7DDA-41B7-8402-9E60DEF7EACD}
		{9BC4904D-EC11-4FC5-9D25-9C1950637CC1} = {11877783-7DDA-41B7-8402-9E60DEF7EACD}
		{C3DA02B9-C88D-4EFB-8FEC-F5F5BF7CEE5F} = {11877783-7DDA-41B7-8402-9E60DEF7EACD}
		{2F069F12-8004-4152-A759-6A21B918EB2C} = {11877783-7DDA-41B7-8402-9E60DEF7EACD}
		{7EB46B2F-FC1D-41D9-A00D-4C6F3C2CCA07} = {11877783-7DDA-41B7-8402-9E60DEF7EACD}
	EndGlobalSection
EndGlobal
