
Microsoft Visual Studio Solution File, Format Version 9.00
# Visual Studio 2005
Project("{8BC9CEB8-8B4A-11D0-8D11-00A0C91BC942}") = "dispatch", "dispatch\dispatch.vcproj", "{8B2B5EEC-0E76-4C3C-A9AD-6668489EFF55}"
EndProject
Project("{8BC9CEB8-8B4A-11D0-8D11-00A0C91BC942}") = "Axe", "src\Axe\Axe.vcproj", "{188ABE90-731A-48D5-9D39-8015CEBA83A8}"
EndProject
Project("{8BC9CEB8-8B4A-11D0-8D11-00A0C91BC942}") = "SLAxe", "src\SLAxe\SLAxe.vcproj", "{9437B694-8F58-4C01-9F57-E8B943A4EBC8}"
EndProject
Global
	GlobalSection(DPCodeReviewSolutionGUID) = preSolution
		DPCodeReviewSolutionGUID = {00000000-0000-0000-0000-000000000000}
	EndGlobalSection
	GlobalSection(SolutionConfigurationPlatforms) = preSolution
		Debug|Win32 = Debug|Win32
		Release|Win32 = Release|Win32
	EndGlobalSection
	GlobalSection(ProjectConfigurationPlatforms) = postSolution
		{8B2B5EEC-0E76-4C3C-A9AD-6668489EFF55}.Debug|Win32.ActiveCfg = Debug|Win32
		{8B2B5EEC-0E76-4C3C-A9AD-6668489EFF55}.Debug|Win32.Build.0 = Debug|Win32
		{8B2B5EEC-0E76-4C3C-A9AD-6668489EFF55}.Release|Win32.ActiveCfg = Release|Win32
		{8B2B5EEC-0E76-4C3C-A9AD-6668489EFF55}.Release|Win32.Build.0 = Release|Win32
		{188ABE90-731A-48D5-9D39-8015CEBA83A8}.Debug|Win32.ActiveCfg = Debug|Win32
		{188ABE90-731A-48D5-9D39-8015CEBA83A8}.Debug|Win32.Build.0 = Debug|Win32
		{188ABE90-731A-48D5-9D39-8015CEBA83A8}.Release|Win32.ActiveCfg = Release|Win32
		{188ABE90-731A-48D5-9D39-8015CEBA83A8}.Release|Win32.Build.0 = Release|Win32
		{9437B694-8F58-4C01-9F57-E8B943A4EBC8}.Debug|Win32.ActiveCfg = Debug|Win32
		{9437B694-8F58-4C01-9F57-E8B943A4EBC8}.Debug|Win32.Build.0 = Debug|Win32
		{9437B694-8F58-4C01-9F57-E8B943A4EBC8}.Release|Win32.ActiveCfg = Release|Win32
		{9437B694-8F58-4C01-9F57-E8B943A4EBC8}.Release|Win32.Build.0 = Release|Win32
	EndGlobalSection
	GlobalSection(SolutionProperties) = preSolution
		HideSolutionNode = FALSE
	EndGlobalSection
EndGlobal
